
Microsoft Visual Studio Solution File, Format Version 12.00
# Visual Studio Version 17
VisualStudioVersion = 17.13.35919.96 d17.13
MinimumVisualStudioVersion = 10.0.40219.1
Project("{FAE04EC0-301F-11D3-BF4B-00C04F79EFBC}") = "BE", "BE\BE.csproj", "{6BA73F92-717E-4000-89DE-1524372AC6F0}"
EndProject
Global
	GlobalSection(SolutionConfigurationPlatforms) = preSolution
		Debug|Any CPU = Debug|Any CPU
		Release|Any CPU = Release|Any CPU
	EndGlobalSection
	GlobalSection(ProjectConfigurationPlatforms) = postSolution
		{6BA73F92-717E-4000-89DE-1524372AC6F0}.Debug|Any CPU.ActiveCfg = Debug|Any CPU
		{6BA73F92-717E-4000-89DE-1524372AC6F0}.Debug|Any CPU.Build.0 = Debug|Any CPU
		{6BA73F92-717E-4000-89DE-1524372AC6F0}.Release|Any CPU.ActiveCfg = Release|Any CPU
		{6BA73F92-717E-4000-89DE-1524372AC6F0}.Release|Any CPU.Build.0 = Release|Any CPU
	EndGlobalSection
	GlobalSection(SolutionProperties) = preSolution
		HideSolutionNode = FALSE
	EndGlobalSection
	GlobalSection(ExtensibilityGlobals) = postSolution
		SolutionGuid = {CB4EFAD7-B847-40F5-8BBB-D38093A8631A}
	EndGlobalSection
EndGlobal
